{
  "name": "Privacy-Computation",
  "version": "0.6.1",
  "lockfileVersion": 2,
  "requires": true,
  "packages": {
    "": {
      "name": "Privacy-Computation",
      "version": "0.6.1",
      "license": "MIT",
      "dependencies": {
        "@openzeppelin/contracts": "^4.4.2",
        "solidity-bits": "^0.3.2"
      }
    },
    "node_modules/@openzeppelin/contracts": {
      "version": "4.8.0",
      "resolved": "https://registry.npmmirror.com/@openzeppelin/contracts/-/contracts-4.8.0.tgz",
      "integrity": "sha512-AGuwhRRL+NaKx73WKRNzeCxOCOCxpaqF+kp8TJ89QzAipSwZy/NoflkWaL9bywXFRhIzXt8j38sfF7KBKCPWLw=="
    },
    "node_modules/solidity-bits": {
      "version": "0.3.2",
      "resolved": "https://registry.npmmirror.com/solidity-bits/-/solidity-bits-0.3.2.tgz",
      "integrity": "sha512-RpqHF9g5i3bW6gr0KxKTsuYNJqZfPko6EFhq5z1V19Wsj/xatZNdq/Z9W4wFZRfhKijxbEyQXj9ePbcJM3tBkg=="
    }
  },
  "dependencies": {
    "@openzeppelin/contracts": {
      "version": "4.8.0",
      "resolved": "https://registry.npmmirror.com/@openzeppelin/contracts/-/contracts-4.8.0.tgz",
      "integrity": "sha512-AGuwhRRL+NaKx73WKRNzeCxOCOCxpaqF+kp8TJ89QzAipSwZy/NoflkWaL9bywXFRhIzXt8j38sfF7KBKCPWLw=="
    },
    "solidity-bits": {
      "version": "0.3.2",
      "resolved": "https://registry.npmmirror.com/solidity-bits/-/solidity-bits-0.3.2.tgz",
      "integrity": "sha512-RpqHF9g5i3bW6gr0KxKTsuYNJqZfPko6EFhq5z1V19Wsj/xatZNdq/Z9W4wFZRfhKijxbEyQXj9ePbcJM3tBkg=="
    }
  }
}
